// !$*UTF8*$!
{
	archiveVersion = 1;
	classes = {
	};
	objectVersion = 46;
	objects = {

/* Begin PBXBuildFile section */
		250FB0291CBA4BD2006A2A8B /* test2.JPG in Resources */ = {isa = PBXBuildFile; fileRef = 250FB0281CBA4BD2006A2A8B /* test2.JPG */; };
		250FB02B1CBA4D4C006A2A8B /* test3.jpeg in Resources */ = {isa = PBXBuildFile; fileRef = 250FB02A1CBA4D4C006A2A8B /* test3.jpeg */; };
		250FB02D1CBA4FF9006A2A8B /* test4.png in Resources */ = {isa = PBXBuildFile; fileRef = 250FB02C1CBA4FF9006A2A8B /* test4.png */; };
		250FB0321CBA54F6006A2A8B /* UIImage+fixOrientation.m in Sources */ = {isa = PBXBuildFile; fileRef = 250FB0311CBA54F6006A2A8B /* UIImage+fixOrientation.m */; };
		250FB0411CBBD87B006A2A8B /* VPInteractiveImageView.m in Sources */ = {isa = PBXBuildFile; fileRef = 250FB0361CBBD87B006A2A8B /* VPInteractiveImageView.m */; };
		250FB0431CBBD87B006A2A8B /* VPInteractiveImageViewController.m in Sources */ = {isa = PBXBuildFile; fileRef = 250FB03A1CBBD87B006A2A8B /* VPInteractiveImageViewController.m */; };
		250FB0441CBBD87B006A2A8B /* VPTransitionAnimator.m in Sources */ = {isa = PBXBuildFile; fileRef = 250FB03C1CBBD87B006A2A8B /* VPTransitionAnimator.m */; };
		250FB0451CBBD87B006A2A8B /* VPTransitionDelegate.m in Sources */ = {isa = PBXBuildFile; fileRef = 250FB03E1CBBD87B006A2A8B /* VPTransitionDelegate.m */; };
		250FB0461CBBD87B006A2A8B /* VPTransitionInteractor.m in Sources */ = {isa = PBXBuildFile; fileRef = 250FB0401CBBD87B006A2A8B /* VPTransitionInteractor.m */; };
		250FB0491CBBD886006A2A8B /* LGSideMenuController.m in Sources */ = {isa = PBXBuildFile; fileRef = 250FB0481CBBD886006A2A8B /* LGSideMenuController.m */; };
		2595D0731CB4DD4400AA313E /* test.png in Resources */ = {isa = PBXBuildFile; fileRef = 2595D0721CB4DD4400AA313E /* test.png */; };
		2595D0761CB4F65400AA313E /* PreviewView.m in Sources */ = {isa = PBXBuildFile; fileRef = 2595D0751CB4F65400AA313E /* PreviewView.m */; };
		2595D0791CB5125A00AA313E /* PathModel.m in Sources */ = {isa = PBXBuildFile; fileRef = 2595D0781CB5125A00AA313E /* PathModel.m */; };
		2595D07C1CB5249000AA313E /* ForegroundView.m in Sources */ = {isa = PBXBuildFile; fileRef = 2595D07B1CB5249000AA313E /* ForegroundView.m */; };
		25D792E01CB29AC300692974 /* main.m in Sources */ = {isa = PBXBuildFile; fileRef = 25D792DF1CB29AC300692974 /* main.m */; };
		25D792E31CB29AC300692974 /* AppDelegate.m in Sources */ = {isa = PBXBuildFile; fileRef = 25D792E21CB29AC300692974 /* AppDelegate.m */; };
		25D792E61CB29AC300692974 /* RootViewController.m in Sources */ = {isa = PBXBuildFile; fileRef = 25D792E51CB29AC300692974 /* RootViewController.m */; };
		25D792EE1CB29AC300692974 /* Assets.xcassets in Resources */ = {isa = PBXBuildFile; fileRef = 25D792ED1CB29AC300692974 /* Assets.xcassets */; };
		25D792FC1CB29AC300692974 /* MagicCameraTests.m in Sources */ = {isa = PBXBuildFile; fileRef = 25D792FB1CB29AC300692974 /* MagicCameraTests.m */; };
		25D793071CB29AC400692974 /* MagicCameraUITests.m in Sources */ = {isa = PBXBuildFile; fileRef = 25D793061CB29AC400692974 /* MagicCameraUITests.m */; };
		25D7931A1CB2AB6400692974 /* CameraViewController.m in Sources */ = {isa = PBXBuildFile; fileRef = 25D793191CB2AB6400692974 /* CameraViewController.m */; };
		25D7931D1CB2AEDA00692974 /* LeftViewController.m in Sources */ = {isa = PBXBuildFile; fileRef = 25D7931C1CB2AEDA00692974 /* LeftViewController.m */; };
		25D793201CB2B59000692974 /* MagicCamera.xcdatamodeld in Sources */ = {isa = PBXBuildFile; fileRef = 25D7931E1CB2B59000692974 /* MagicCamera.xcdatamodeld */; };
		D3A1742BE122DBC61917552A /* libPods.a in Frameworks */ = {isa = PBXBuildFile; fileRef = 1B75266558336AE91D41238C /* libPods.a */; };
/* End PBXBuildFile section */

/* Begin PBXContainerItemProxy section */
		25D792F81CB29AC300692974 /* PBXContainerItemProxy */ = {
			isa = PBXContainerItemProxy;
			containerPortal = 25D792D31CB29AC300692974 /* Project object */;
			proxyType = 1;
			remoteGlobalIDString = 25D792DA1CB29AC300692974;
			remoteInfo = MagicCamera;
		};
		25D793031CB29AC400692974 /* PBXContainerItemProxy */ = {
			isa = PBXContainerItemProxy;
			containerPortal = 25D792D31CB29AC300692974 /* Project object */;
			proxyType = 1;
			remoteGlobalIDString = 25D792DA1CB29AC300692974;
			remoteInfo = MagicCamera;
		};
/* End PBXContainerItemProxy section */

/* Begin PBXFileReference section */
		1B75266558336AE91D41238C /* libPods.a */ = {isa = PBXFileReference; explicitFileType = archive.ar; includeInIndex = 0; path = libPods.a; sourceTree = BUILT_PRODUCTS_DIR; };
		250FB0281CBA4BD2006A2A8B /* test2.JPG */ = {isa = PBXFileReference; lastKnownFileType = image.jpeg; path = test2.JPG; sourceTree = "<group>"; };
		250FB02A1CBA4D4C006A2A8B /* test3.jpeg */ = {isa = PBXFileReference; lastKnownFileType = image.jpeg; path = test3.jpeg; sourceTree = "<group>"; };
		250FB02C1CBA4FF9006A2A8B /* test4.png */ = {isa = PBXFileReference; lastKnownFileType = image.png; path = test4.png; sourceTree = "<group>"; };
		250FB0301CBA54F6006A2A8B /* UIImage+fixOrientation.h */ = {isa = PBXFileReference; fileEncoding = 4; lastKnownFileType = sourcecode.c.h; path = "UIImage+fixOrientation.h"; sourceTree = "<group>"; };
		250FB0311CBA54F6006A2A8B /* UIImage+fixOrientation.m */ = {isa = PBXFileReference; fileEncoding = 4; lastKnownFileType = sourcecode.c.objc; path = "UIImage+fixOrientation.m"; sourceTree = "<group>"; };
		250FB0351CBBD87B006A2A8B /* VPInteractiveImageView.h */ = {isa = PBXFileReference; fileEncoding = 4; lastKnownFileType = sourcecode.c.h; path = VPInteractiveImageView.h; sourceTree = "<group>"; };
		250FB0361CBBD87B006A2A8B /* VPInteractiveImageView.m */ = {isa = PBXFileReference; fileEncoding = 4; lastKnownFileType = sourcecode.c.objc; path = VPInteractiveImageView.m; sourceTree = "<group>"; };
		250FB0391CBBD87B006A2A8B /* VPInteractiveImageViewController.h */ = {isa = PBXFileReference; fileEncoding = 4; lastKnownFileType = sourcecode.c.h; path = VPInteractiveImageViewController.h; sourceTree = "<group>"; };
		250FB03A1CBBD87B006A2A8B /* VPInteractiveImageViewController.m */ = {isa = PBXFileReference; fileEncoding = 4; lastKnownFileType = sourcecode.c.objc; path = VPInteractiveImageViewController.m; sourceTree = "<group>"; };
		250FB03B1CBBD87B006A2A8B /* VPTransitionAnimator.h */ = {isa = PBXFileReference; fileEncoding = 4; lastKnownFileType = sourcecode.c.h; path = VPTransitionAnimator.h; sourceTree = "<group>"; };
		250FB03C1CBBD87B006A2A8B /* VPTransitionAnimator.m */ = {isa = PBXFileReference; fileEncoding = 4; lastKnownFileType = sourcecode.c.objc; path = VPTransitionAnimator.m; sourceTree = "<group>"; };
		250FB03D1CBBD87B006A2A8B /* VPTransitionDelegate.h */ = {isa = PBXFileReference; fileEncoding = 4; lastKnownFileType = sourcecode.c.h; path = VPTransitionDelegate.h; sourceTree = "<group>"; };
		250FB03E1CBBD87B006A2A8B /* VPTransitionDelegate.m */ = {isa = PBXFileReference; fileEncoding = 4; lastKnownFileType = sourcecode.c.objc; path = VPTransitionDelegate.m; sourceTree = "<group>"; };
		250FB03F1CBBD87B006A2A8B /* VPTransitionInteractor.h */ = {isa = PBXFileReference; fileEncoding = 4; lastKnownFileType = sourcecode.c.h; path = VPTransitionInteractor.h; sourceTree = "<group>"; };
		250FB0401CBBD87B006A2A8B /* VPTransitionInteractor.m */ = {isa = PBXFileReference; fileEncoding = 4; lastKnownFileType = sourcecode.c.objc; path = VPTransitionInteractor.m; sourceTree = "<group>"; };
		250FB0471CBBD886006A2A8B /* LGSideMenuController.h */ = {isa = PBXFileReference; fileEncoding = 4; lastKnownFileType = sourcecode.c.h; path = LGSideMenuController.h; sourceTree = "<group>"; };
		250FB0481CBBD886006A2A8B /* LGSideMenuController.m */ = {isa = PBXFileReference; fileEncoding = 4; lastKnownFileType = sourcecode.c.objc; path = LGSideMenuController.m; sourceTree = "<group>"; };
		2595D0721CB4DD4400AA313E /* test.png */ = {isa = PBXFileReference; lastKnownFileType = image.png; name = test.png; path = ../../test.png; sourceTree = "<group>"; };
		2595D0741CB4F65400AA313E /* PreviewView.h */ = {isa = PBXFileReference; fileEncoding = 4; lastKnownFileType = sourcecode.c.h; path = PreviewView.h; sourceTree = "<group>"; };
		2595D0751CB4F65400AA313E /* PreviewView.m */ = {isa = PBXFileReference; fileEncoding = 4; lastKnownFileType = sourcecode.c.objc; path = PreviewView.m; sourceTree = "<group>"; };
		2595D0771CB5125A00AA313E /* PathModel.h */ = {isa = PBXFileReference; fileEncoding = 4; lastKnownFileType = sourcecode.c.h; path = PathModel.h; sourceTree = "<group>"; };
		2595D0781CB5125A00AA313E /* PathModel.m */ = {isa = PBXFileReference; fileEncoding = 4; lastKnownFileType = sourcecode.c.objc; path = PathModel.m; sourceTree = "<group>"; };
		2595D07A1CB5249000AA313E /* ForegroundView.h */ = {isa = PBXFileReference; fileEncoding = 4; lastKnownFileType = sourcecode.c.h; path = ForegroundView.h; sourceTree = "<group>"; };
		2595D07B1CB5249000AA313E /* ForegroundView.m */ = {isa = PBXFileReference; fileEncoding = 4; lastKnownFileType = sourcecode.c.objc; path = ForegroundView.m; sourceTree = "<group>"; };
		25D792DB1CB29AC300692974 /* MagicCamera.app */ = {isa = PBXFileReference; explicitFileType = wrapper.application; includeInIndex = 0; path = MagicCamera.app; sourceTree = BUILT_PRODUCTS_DIR; };
		25D792DF1CB29AC300692974 /* main.m */ = {isa = PBXFileReference; lastKnownFileType = sourcecode.c.objc; path = main.m; sourceTree = "<group>"; };
		25D792E11CB29AC300692974 /* AppDelegate.h */ = {isa = PBXFileReference; lastKnownFileType = sourcecode.c.h; path = AppDelegate.h; sourceTree = "<group>"; };
		25D792E21CB29AC300692974 /* AppDelegate.m */ = {isa = PBXFileReference; lastKnownFileType = sourcecode.c.objc; path = AppDelegate.m; sourceTree = "<group>"; };
		25D792E41CB29AC300692974 /* RootViewController.h */ = {isa = PBXFileReference; lastKnownFileType = sourcecode.c.h; path = RootViewController.h; sourceTree = "<group>"; };
		25D792E51CB29AC300692974 /* RootViewController.m */ = {isa = PBXFileReference; lastKnownFileType = sourcecode.c.objc; path = RootViewController.m; sourceTree = "<group>"; };
		25D792ED1CB29AC300692974 /* Assets.xcassets */ = {isa = PBXFileReference; lastKnownFileType = folder.assetcatalog; path = Assets.xcassets; sourceTree = "<group>"; };
		25D792F21CB29AC300692974 /* Info.plist */ = {isa = PBXFileReference; lastKnownFileType = text.plist.xml; path = Info.plist; sourceTree = "<group>"; };
		25D792F71CB29AC300692974 /* MagicCameraTests.xctest */ = {isa = PBXFileReference; explicitFileType = wrapper.cfbundle; includeInIndex = 0; path = MagicCameraTests.xctest; sourceTree = BUILT_PRODUCTS_DIR; };
		25D792FB1CB29AC300692974 /* MagicCameraTests.m */ = {isa = PBXFileReference; lastKnownFileType = sourcecode.c.objc; path = MagicCameraTests.m; sourceTree = "<group>"; };
		25D792FD1CB29AC300692974 /* Info.plist */ = {isa = PBXFileReference; lastKnownFileType = text.plist.xml; path = Info.plist; sourceTree = "<group>"; };
		25D793021CB29AC400692974 /* MagicCameraUITests.xctest */ = {isa = PBXFileReference; explicitFileType = wrapper.cfbundle; includeInIndex = 0; path = MagicCameraUITests.xctest; sourceTree = BUILT_PRODUCTS_DIR; };
		25D793061CB29AC400692974 /* MagicCameraUITests.m */ = {isa = PBXFileReference; lastKnownFileType = sourcecode.c.objc; path = MagicCameraUITests.m; sourceTree = "<group>"; };
		25D793081CB29AC400692974 /* Info.plist */ = {isa = PBXFileReference; lastKnownFileType = text.plist.xml; path = Info.plist; sourceTree = "<group>"; };
		25D793171CB2A07C00692974 /* PrefixHeader.pch */ = {isa = PBXFileReference; fileEncoding = 4; lastKnownFileType = sourcecode.c.h; path = PrefixHeader.pch; sourceTree = "<group>"; };
		25D793181CB2AB6400692974 /* CameraViewController.h */ = {isa = PBXFileReference; fileEncoding = 4; lastKnownFileType = sourcecode.c.h; path = CameraViewController.h; sourceTree = "<group>"; };
		25D793191CB2AB6400692974 /* CameraViewController.m */ = {isa = PBXFileReference; fileEncoding = 4; lastKnownFileType = sourcecode.c.objc; path = CameraViewController.m; sourceTree = "<group>"; };
		25D7931B1CB2AEDA00692974 /* LeftViewController.h */ = {isa = PBXFileReference; fileEncoding = 4; lastKnownFileType = sourcecode.c.h; path = LeftViewController.h; sourceTree = "<group>"; };
		25D7931C1CB2AEDA00692974 /* LeftViewController.m */ = {isa = PBXFileReference; fileEncoding = 4; lastKnownFileType = sourcecode.c.objc; path = LeftViewController.m; sourceTree = "<group>"; };
		25D7931F1CB2B59000692974 /* MagicCamera.xcdatamodel */ = {isa = PBXFileReference; lastKnownFileType = wrapper.xcdatamodel; path = MagicCamera.xcdatamodel; sourceTree = "<group>"; };
		DB6A4451D3377791025EB06A /* Pods.debug.xcconfig */ = {isa = PBXFileReference; includeInIndex = 1; lastKnownFileType = text.xcconfig; name = Pods.debug.xcconfig; path = "Pods/Target Support Files/Pods/Pods.debug.xcconfig"; sourceTree = "<group>"; };
		F2A26175DCA65F245DB348B5 /* Pods.release.xcconfig */ = {isa = PBXFileReference; includeInIndex = 1; lastKnownFileType = text.xcconfig; name = Pods.release.xcconfig; path = "Pods/Target Support Files/Pods/Pods.release.xcconfig"; sourceTree = "<group>"; };
/* End PBXFileReference section */

/* Begin PBXFrameworksBuildPhase section */
		25D792D81CB29AC300692974 /* Frameworks */ = {
			isa = PBXFrameworksBuildPhase;
			buildActionMask = 2147483647;
			files = (
				D3A1742BE122DBC61917552A /* libPods.a in Frameworks */,
			);
			runOnlyForDeploymentPostprocessing = 0;
		};
		25D792F41CB29AC300692974 /* Frameworks */ = {
			isa = PBXFrameworksBuildPhase;
			buildActionMask = 2147483647;
			files = (
			);
			runOnlyForDeploymentPostprocessing = 0;
		};
		25D792FF1CB29AC400692974 /* Frameworks */ = {
			isa = PBXFrameworksBuildPhase;
			buildActionMask = 2147483647;
			files = (
			);
			runOnlyForDeploymentPostprocessing = 0;
		};
/* End PBXFrameworksBuildPhase section */

/* Begin PBXGroup section */
		250FB02E1CBA545E006A2A8B /* Additions */ = {
			isa = PBXGroup;
			children = (
				250FB0341CBBD845006A2A8B /* VPInteractiveImageViewController */,
				250FB0331CBBD833006A2A8B /* LGSideMenuController */,
				250FB02F1CBA5469006A2A8B /* Category */,
			);
			path = Additions;
			sourceTree = "<group>";
		};
		250FB02F1CBA5469006A2A8B /* Category */ = {
			isa = PBXGroup;
			children = (
				250FB0301CBA54F6006A2A8B /* UIImage+fixOrientation.h */,
				250FB0311CBA54F6006A2A8B /* UIImage+fixOrientation.m */,
			);
			path = Category;
			sourceTree = "<group>";
		};
		250FB0331CBBD833006A2A8B /* LGSideMenuController */ = {
			isa = PBXGroup;
			children = (
				250FB0471CBBD886006A2A8B /* LGSideMenuController.h */,
				250FB0481CBBD886006A2A8B /* LGSideMenuController.m */,
			);
			path = LGSideMenuController;
			sourceTree = "<group>";
		};
		250FB0341CBBD845006A2A8B /* VPInteractiveImageViewController */ = {
			isa = PBXGroup;
			children = (
				250FB0351CBBD87B006A2A8B /* VPInteractiveImageView.h */,
				250FB0361CBBD87B006A2A8B /* VPInteractiveImageView.m */,
				250FB0391CBBD87B006A2A8B /* VPInteractiveImageViewController.h */,
				250FB03A1CBBD87B006A2A8B /* VPInteractiveImageViewController.m */,
				250FB03B1CBBD87B006A2A8B /* VPTransitionAnimator.h */,
				250FB03C1CBBD87B006A2A8B /* VPTransitionAnimator.m */,
				250FB03D1CBBD87B006A2A8B /* VPTransitionDelegate.h */,
				250FB03E1CBBD87B006A2A8B /* VPTransitionDelegate.m */,
				250FB03F1CBBD87B006A2A8B /* VPTransitionInteractor.h */,
				250FB0401CBBD87B006A2A8B /* VPTransitionInteractor.m */,
			);
			path = VPInteractiveImageViewController;
			sourceTree = "<group>";
		};
		25D792D21CB29AC300692974 = {
			isa = PBXGroup;
			children = (
				25D792DD1CB29AC300692974 /* MagicCamera */,
				25D792FA1CB29AC300692974 /* MagicCameraTests */,
				25D793051CB29AC400692974 /* MagicCameraUITests */,
				25D792DC1CB29AC300692974 /* Products */,
				51C357817C9C98F423891ED5 /* Pods */,
				431246E43C8B6981F4BC23A5 /* Frameworks */,
			);
			sourceTree = "<group>";
		};
		25D792DC1CB29AC300692974 /* Products */ = {
			isa = PBXGroup;
			children = (
				25D792DB1CB29AC300692974 /* MagicCamera.app */,
				25D792F71CB29AC300692974 /* MagicCameraTests.xctest */,
				25D793021CB29AC400692974 /* MagicCameraUITests.xctest */,
			);
			name = Products;
			sourceTree = "<group>";
		};
		25D792DD1CB29AC300692974 /* MagicCamera */ = {
			isa = PBXGroup;
			children = (
				25D792E11CB29AC300692974 /* AppDelegate.h */,
				25D792E21CB29AC300692974 /* AppDelegate.m */,
				25D792E41CB29AC300692974 /* RootViewController.h */,
				25D792E51CB29AC300692974 /* RootViewController.m */,
				250FB02E1CBA545E006A2A8B /* Additions */,
				25D793141CB29B5400692974 /* Models */,
				25D793151CB29B5D00692974 /* Views */,
				25D793161CB29B7000692974 /* Controllers */,
				25D792DE1CB29AC300692974 /* Supporting Files */,
			);
			path = MagicCamera;
			sourceTree = "<group>";
		};
		25D792DE1CB29AC300692974 /* Supporting Files */ = {
			isa = PBXGroup;
			children = (
				25D7931E1CB2B59000692974 /* MagicCamera.xcdatamodeld */,
				25D792ED1CB29AC300692974 /* Assets.xcassets */,
				2595D0721CB4DD4400AA313E /* test.png */,
				250FB0281CBA4BD2006A2A8B /* test2.JPG */,
				250FB02A1CBA4D4C006A2A8B /* test3.jpeg */,
				250FB02C1CBA4FF9006A2A8B /* test4.png */,
				25D792F21CB29AC300692974 /* Info.plist */,
				25D792DF1CB29AC300692974 /* main.m */,
				25D793171CB2A07C00692974 /* PrefixHeader.pch */,
			);
			name = "Supporting Files";
			sourceTree = "<group>";
		};
		25D792FA1CB29AC300692974 /* MagicCameraTests */ = {
			isa = PBXGroup;
			children = (
				25D792FB1CB29AC300692974 /* MagicCameraTests.m */,
				25D792FD1CB29AC300692974 /* Info.plist */,
			);
			path = MagicCameraTests;
			sourceTree = "<group>";
		};
		25D793051CB29AC400692974 /* MagicCameraUITests */ = {
			isa = PBXGroup;
			children = (
				25D793061CB29AC400692974 /* MagicCameraUITests.m */,
				25D793081CB29AC400692974 /* Info.plist */,
			);
			path = MagicCameraUITests;
			sourceTree = "<group>";
		};
		25D793141CB29B5400692974 /* Models */ = {
			isa = PBXGroup;
			children = (
				2595D0771CB5125A00AA313E /* PathModel.h */,
				2595D0781CB5125A00AA313E /* PathModel.m */,
			);
			path = Models;
			sourceTree = "<group>";
		};
		25D793151CB29B5D00692974 /* Views */ = {
			isa = PBXGroup;
			children = (
				2595D0741CB4F65400AA313E /* PreviewView.h */,
				2595D0751CB4F65400AA313E /* PreviewView.m */,
				2595D07A1CB5249000AA313E /* ForegroundView.h */,
				2595D07B1CB5249000AA313E /* ForegroundView.m */,
			);
			path = Views;
			sourceTree = "<group>";
		};
		25D793161CB29B7000692974 /* Controllers */ = {
			isa = PBXGroup;
			children = (
				25D793181CB2AB6400692974 /* CameraViewController.h */,
				25D793191CB2AB6400692974 /* CameraViewController.m */,
				25D7931B1CB2AEDA00692974 /* LeftViewController.h */,
				25D7931C1CB2AEDA00692974 /* LeftViewController.m */,
			);
			path = Controllers;
			sourceTree = "<group>";
		};
		431246E43C8B6981F4BC23A5 /* Frameworks */ = {
			isa = PBXGroup;
			children = (
				1B75266558336AE91D41238C /* libPods.a */,
			);
			name = Frameworks;
			sourceTree = "<group>";
		};
		51C357817C9C98F423891ED5 /* Pods */ = {
			isa = PBXGroup;
			children = (
				DB6A4451D3377791025EB06A /* Pods.debug.xcconfig */,
				F2A26175DCA65F245DB348B5 /* Pods.release.xcconfig */,
			);
			name = Pods;
			sourceTree = "<group>";
		};
/* End PBXGroup section */

/* Begin PBXNativeTarget section */
		25D792DA1CB29AC300692974 /* MagicCamera */ = {
			isa = PBXNativeTarget;
			buildConfigurationList = 25D7930B1CB29AC400692974 /* Build configuration list for PBXNativeTarget "MagicCamera" */;
			buildPhases = (
				41CA5E27697F4122DB56AC08 /* Check Pods Manifest.lock */,
				25D792D71CB29AC300692974 /* Sources */,
				25D792D81CB29AC300692974 /* Frameworks */,
				25D792D91CB29AC300692974 /* Resources */,
				5780E227F19153EBBBC511C8 /* Embed Pods Frameworks */,
				39F94F58C48F1A940EC76BE1 /* Copy Pods Resources */,
			);
			buildRules = (
			);
			dependencies = (
			);
			name = MagicCamera;
			productName = MagicCamera;
			productReference = 25D792DB1CB29AC300692974 /* MagicCamera.app */;
			productType = "com.apple.product-type.application";
		};
		25D792F61CB29AC300692974 /* MagicCameraTests */ = {
			isa = PBXNativeTarget;
			buildConfigurationList = 25D7930E1CB29AC400692974 /* Build configuration list for PBXNativeTarget "MagicCameraTests" */;
			buildPhases = (
				25D792F31CB29AC300692974 /* Sources */,
				25D792F41CB29AC300692974 /* Frameworks */,
				25D792F51CB29AC300692974 /* Resources */,
			);
			buildRules = (
			);
			dependencies = (
				25D792F91CB29AC300692974 /* PBXTargetDependency */,
			);
			name = MagicCameraTests;
			productName = MagicCameraTests;
			productReference = 25D792F71CB29AC300692974 /* MagicCameraTests.xctest */;
			productType = "com.apple.product-type.bundle.unit-test";
		};
		25D793011CB29AC400692974 /* MagicCameraUITests */ = {
			isa = PBXNativeTarget;
			buildConfigurationList = 25D793111CB29AC400692974 /* Build configuration list for PBXNativeTarget "MagicCameraUITests" */;
			buildPhases = (
				25D792FE1CB29AC400692974 /* Sources */,
				25D792FF1CB29AC400692974 /* Frameworks */,
				25D793001CB29AC400692974 /* Resources */,
			);
			buildRules = (
			);
			dependencies = (
				25D793041CB29AC400692974 /* PBXTargetDependency */,
			);
			name = MagicCameraUITests;
			productName = MagicCameraUITests;
			productReference = 25D793021CB29AC400692974 /* MagicCameraUITests.xctest */;
			productType = "com.apple.product-type.bundle.ui-testing";
		};
/* End PBXNativeTarget section */

/* Begin PBXProject section */
		25D792D31CB29AC300692974 /* Project object */ = {
			isa = PBXProject;
			attributes = {
				LastUpgradeCheck = 0730;
				ORGANIZATIONNAME = busyluo;
				TargetAttributes = {
					25D792DA1CB29AC300692974 = {
						CreatedOnToolsVersion = 7.3;
						DevelopmentTeam = 2YU2BDUY68;
					};
					25D792F61CB29AC300692974 = {
						CreatedOnToolsVersion = 7.3;
						DevelopmentTeam = 2YU2BDUY68;
						TestTargetID = 25D792DA1CB29AC300692974;
					};
					25D793011CB29AC400692974 = {
						CreatedOnToolsVersion = 7.3;
						DevelopmentTeam = 2YU2BDUY68;
						TestTargetID = 25D792DA1CB29AC300692974;
					};
				};
			};
			buildConfigurationList = 25D792D61CB29AC300692974 /* Build configuration list for PBXProject "MagicCamera" */;
			compatibilityVersion = "Xcode 3.2";
			developmentRegion = English;
			hasScannedForEncodings = 0;
			knownRegions = (
				en,
				Base,
			);
			mainGroup = 25D792D21CB29AC300692974;
			productRefGroup = 25D792DC1CB29AC300692974 /* Products */;
			projectDirPath = "";
			projectRoot = "";
			targets = (
				25D792DA1CB29AC300692974 /* MagicCamera */,
				25D792F61CB29AC300692974 /* MagicCameraTests */,
				25D793011CB29AC400692974 /* MagicCameraUITests */,
			);
		};
/* End PBXProject section */

/* Begin PBXResourcesBuildPhase section */
		25D792D91CB29AC300692974 /* Resources */ = {
			isa = PBXResourcesBuildPhase;
			buildActionMask = 2147483647;
			files = (
				25D792EE1CB29AC300692974 /* Assets.xcassets in Resources */,
				250FB02B1CBA4D4C006A2A8B /* test3.jpeg in Resources */,
				250FB02D1CBA4FF9006A2A8B /* test4.png in Resources */,
				2595D0731CB4DD4400AA313E /* test.png in Resources */,
				250FB0291CBA4BD2006A2A8B /* test2.JPG in Resources */,
			);
			runOnlyForDeploymentPostprocessing = 0;
		};
		25D792F51CB29AC300692974 /* Resources */ = {
			isa = PBXResourcesBuildPhase;
			buildActionMask = 2147483647;
			files = (
			);
			runOnlyForDeploymentPostprocessing = 0;
		};
		25D793001CB29AC400692974 /* Resources */ = {
			isa = PBXResourcesBuildPhase;
			buildActionMask = 2147483647;
			files = (
			);
			runOnlyForDeploymentPostprocessing = 0;
		};
/* End PBXResourcesBuildPhase section */

/* Begin PBXShellScriptBuildPhase section */
		39F94F58C48F1A940EC76BE1 /* Copy Pods Resources */ = {
			isa = PBXShellScriptBuildPhase;
			buildActionMask = 2147483647;
			files = (
			);
			inputPaths = (
			);
			name = "Copy Pods Resources";
			outputPaths = (
			);
			runOnlyForDeploymentPostprocessing = 0;
			shellPath = /bin/sh;
			shellScript = "\"${SRCROOT}/Pods/Target Support Files/Pods/Pods-resources.sh\"\n";
			showEnvVarsInLog = 0;
		};
		41CA5E27697F4122DB56AC08 /* Check Pods Manifest.lock */ = {
			isa = PBXShellScriptBuildPhase;
			buildActionMask = 2147483647;
			files = (
			);
			inputPaths = (
			);
			name = "Check Pods Manifest.lock";
			outputPaths = (
			);
			runOnlyForDeploymentPostprocessing = 0;
			shellPath = /bin/sh;
			shellScript = "diff \"${PODS_ROOT}/../Podfile.lock\" \"${PODS_ROOT}/Manifest.lock\" > /dev/null\nif [[ $? != 0 ]] ; then\n    cat << EOM\nerror: The sandbox is not in sync with the Podfile.lock. Run 'pod install' or update your CocoaPods installation.\nEOM\n    exit 1\nfi\n";
			showEnvVarsInLog = 0;
		};
		5780E227F19153EBBBC511C8 /* Embed Pods Frameworks */ = {
			isa = PBXShellScriptBuildPhase;
			buildActionMask = 2147483647;
			files = (
			);
			inputPaths = (
			);
			name = "Embed Pods Frameworks";
			outputPaths = (
			);
			runOnlyForDeploymentPostprocessing = 0;
			shellPath = /bin/sh;
			shellScript = "\"${SRCROOT}/Pods/Target Support Files/Pods/Pods-frameworks.sh\"\n";
			showEnvVarsInLog = 0;
		};
/* End PBXShellScriptBuildPhase section */

/* Begin PBXSourcesBuildPhase section */
		25D792D71CB29AC300692974 /* Sources */ = {
			isa = PBXSourcesBuildPhase;
			buildActionMask = 2147483647;
			files = (
				250FB0321CBA54F6006A2A8B /* UIImage+fixOrientation.m in Sources */,
				25D7931A1CB2AB6400692974 /* CameraViewController.m in Sources */,
				250FB0491CBBD886006A2A8B /* LGSideMenuController.m in Sources */,
				25D792E61CB29AC300692974 /* RootViewController.m in Sources */,
				2595D0761CB4F65400AA313E /* PreviewView.m in Sources */,
				25D793201CB2B59000692974 /* MagicCamera.xcdatamodeld in Sources */,
				2595D07C1CB5249000AA313E /* ForegroundView.m in Sources */,
				2595D0791CB5125A00AA313E /* PathModel.m in Sources */,
				250FB0461CBBD87B006A2A8B /* VPTransitionInteractor.m in Sources */,
				250FB0441CBBD87B006A2A8B /* VPTransitionAnimator.m in Sources */,
				25D792E31CB29AC300692974 /* AppDelegate.m in Sources */,
				250FB0451CBBD87B006A2A8B /* VPTransitionDelegate.m in Sources */,
				250FB0411CBBD87B006A2A8B /* VPInteractiveImageView.m in Sources */,
				25D792E01CB29AC300692974 /* main.m in Sources */,
				25D7931D1CB2AEDA00692974 /* LeftViewController.m in Sources */,
				250FB0431CBBD87B006A2A8B /* VPInteractiveImageViewController.m in Sources */,
			);
			runOnlyForDeploymentPostprocessing = 0;
		};
		25D792F31CB29AC300692974 /* Sources */ = {
			isa = PBXSourcesBuildPhase;
			buildActionMask = 2147483647;
			files = (
				25D792FC1CB29AC300692974 /* MagicCameraTests.m in Sources */,
			);
			runOnlyForDeploymentPostprocessing = 0;
		};
		25D792FE1CB29AC400692974 /* Sources */ = {
			isa = PBXSourcesBuildPhase;
			buildActionMask = 2147483647;
			files = (
				25D793071CB29AC400692974 /* MagicCameraUITests.m in Sources */,
			);
			runOnlyForDeploymentPostprocessing = 0;
		};
/* End PBXSourcesBuildPhase section */

/* Begin PBXTargetDependency section */
		25D792F91CB29AC300692974 /* PBXTargetDependency */ = {
			isa = PBXTargetDependency;
			target = 25D792DA1CB29AC300692974 /* MagicCamera */;
			targetProxy = 25D792F81CB29AC300692974 /* PBXContainerItemProxy */;
		};
		25D793041CB29AC400692974 /* PBXTargetDependency */ = {
			isa = PBXTargetDependency;
			target = 25D792DA1CB29AC300692974 /* MagicCamera */;
			targetProxy = 25D793031CB29AC400692974 /* PBXContainerItemProxy */;
		};
/* End PBXTargetDependency section */

/* Begin XCBuildConfiguration section */
		25D793091CB29AC400692974 /* Debug */ = {
			isa = XCBuildConfiguration;
			buildSettings = {
				ALWAYS_SEARCH_USER_PATHS = NO;
				ASSETCATALOG_COMPILER_LAUNCHIMAGE_NAME = "";
				CLANG_ANALYZER_NONNULL = YES;
				CLANG_CXX_LANGUAGE_STANDARD = "gnu++0x";
				CLANG_CXX_LIBRARY = "libc++";
				CLANG_ENABLE_MODULES = YES;
				CLANG_ENABLE_OBJC_ARC = YES;
				CLANG_WARN_BOOL_CONVERSION = YES;
				CLANG_WARN_CONSTANT_CONVERSION = YES;
				CLANG_WARN_DIRECT_OBJC_ISA_USAGE = YES_ERROR;
				CLANG_WARN_EMPTY_BODY = YES;
				CLANG_WARN_ENUM_CONVERSION = YES;
				CLANG_WARN_INT_CONVERSION = YES;
				CLANG_WARN_OBJC_ROOT_CLASS = YES_ERROR;
				CLANG_WARN_UNREACHABLE_CODE = YES;
				CLANG_WARN__DUPLICATE_METHOD_MATCH = YES;
				"CODE_SIGN_IDENTITY[sdk=iphoneos*]" = "iPhone Developer";
				COPY_PHASE_STRIP = NO;
				DEBUG_INFORMATION_FORMAT = dwarf;
				ENABLE_STRICT_OBJC_MSGSEND = YES;
				ENABLE_TESTABILITY = YES;
				GCC_C_LANGUAGE_STANDARD = gnu99;
				GCC_DYNAMIC_NO_PIC = NO;
				GCC_NO_COMMON_BLOCKS = YES;
				GCC_OPTIMIZATION_LEVEL = 0;
				GCC_PREPROCESSOR_DEFINITIONS = (
					"DEBUG=1",
					"$(inherited)",
				);
				GCC_WARN_64_TO_32_BIT_CONVERSION = YES;
				GCC_WARN_ABOUT_RETURN_TYPE = YES_ERROR;
				GCC_WARN_UNDECLARED_SELECTOR = YES;
				GCC_WARN_UNINITIALIZED_AUTOS = YES_AGGRESSIVE;
				GCC_WARN_UNUSED_FUNCTION = YES;
				GCC_WARN_UNUSED_VARIABLE = YES;
				IPHONEOS_DEPLOYMENT_TARGET = 9.3;
				MTL_ENABLE_DEBUG_INFO = YES;
				ONLY_ACTIVE_ARCH = YES;
				SDKROOT = iphoneos;
			};
			name = Debug;
		};
		25D7930A1CB29AC400692974 /* Release */ = {
			isa = XCBuildConfiguration;
			buildSettings = {
				ALWAYS_SEARCH_USER_PATHS = NO;
				ASSETCATALOG_COMPILER_LAUNCHIMAGE_NAME = "";
				CLANG_ANALYZER_NONNULL = YES;
				CLANG_CXX_LANGUAGE_STANDARD = "gnu++0x";
				CLANG_CXX_LIBRARY = "libc++";
				CLANG_ENABLE_MODULES = YES;
				CLANG_ENABLE_OBJC_ARC = YES;
				CLANG_WARN_BOOL_CONVERSION = YES;
				CLANG_WARN_CONSTANT_CONVERSION = YES;
				CLANG_WARN_DIRECT_OBJC_ISA_USAGE = YES_ERROR;
				CLANG_WARN_EMPTY_BODY = YES;
				CLANG_WARN_ENUM_CONVERSION = YES;
				CLANG_WARN_INT_CONVERSION = YES;
				CLANG_WARN_OBJC_ROOT_CLASS = YES_ERROR;
				CLANG_WARN_UNREACHABLE_CODE = YES;
				CLANG_WARN__DUPLICATE_METHOD_MATCH = YES;
				"CODE_SIGN_IDENTITY[sdk=iphoneos*]" = "iPhone Developer";
				COPY_PHASE_STRIP = NO;
				DEBUG_INFORMATION_FORMAT = "dwarf-with-dsym";
				ENABLE_NS_ASSERTIONS = NO;
				ENABLE_STRICT_OBJC_MSGSEND = YES;
				GCC_C_LANGUAGE_STANDARD = gnu99;
				GCC_NO_COMMON_BLOCKS = YES;
				GCC_WARN_64_TO_32_BIT_CONVERSION = YES;
				GCC_WARN_ABOUT_RETURN_TYPE = YES_ERROR;
				GCC_WARN_UNDECLARED_SELECTOR = YES;
				GCC_WARN_UNINITIALIZED_AUTOS = YES_AGGRESSIVE;
				GCC_WARN_UNUSED_FUNCTION = YES;
				GCC_WARN_UNUSED_VARIABLE = YES;
				IPHONEOS_DEPLOYMENT_TARGET = 9.3;
				MTL_ENABLE_DEBUG_INFO = NO;
				SDKROOT = iphoneos;
				VALIDATE_PRODUCT = YES;
			};
			name = Release;
		};
		25D7930C1CB29AC400692974 /* Debug */ = {
			isa = XCBuildConfiguration;
			baseConfigurationReference = DB6A4451D3377791025EB06A /* Pods.debug.xcconfig */;
			buildSettings = {
				ASSETCATALOG_COMPILER_APPICON_NAME = AppIcon;
				GCC_PRECOMPILE_PREFIX_HEADER = YES;
				GCC_PREFIX_HEADER = MagicCamera/PrefixHeader.pch;
				INFOPLIST_FILE = MagicCamera/Info.plist;
				LD_RUNPATH_SEARCH_PATHS = "$(inherited) @executable_path/Frameworks";
				PRODUCT_BUNDLE_IDENTIFIER = pw.lxf.MagicCamera;
				PRODUCT_NAME = "$(TARGET_NAME)";
			};
			name = Debug;
		};
		25D7930D1CB29AC400692974 /* Release */ = {
			isa = XCBuildConfiguration;
			baseConfigurationReference = F2A26175DCA65F245DB348B5 /* Pods.release.xcconfig */;
			buildSettings = {
				ASSETCATALOG_COMPILER_APPICON_NAME = AppIcon;
				GCC_PRECOMPILE_PREFIX_HEADER = YES;
				GCC_PREFIX_HEADER = MagicCamera/PrefixHeader.pch;
				INFOPLIST_FILE = MagicCamera/Info.plist;
				LD_RUNPATH_SEARCH_PATHS = "$(inherited) @executable_path/Frameworks";
				PRODUCT_BUNDLE_IDENTIFIER = pw.lxf.MagicCamera;
				PRODUCT_NAME = "$(TARGET_NAME)";
			};
			name = Release;
		};
		25D7930F1CB29AC400692974 /* Debug */ = {
			isa = XCBuildConfiguration;
			buildSettings = {
				BUNDLE_LOADER = "$(TEST_HOST)";
				INFOPLIST_FILE = MagicCameraTests/Info.plist;
				LD_RUNPATH_SEARCH_PATHS = "$(inherited) @executable_path/Frameworks @loader_path/Frameworks";
				PRODUCT_BUNDLE_IDENTIFIER = pw.lxf.MagicCameraTests;
				PRODUCT_NAME = "$(TARGET_NAME)";
				TEST_HOST = "$(BUILT_PRODUCTS_DIR)/MagicCamera.app/MagicCamera";
			};
			name = Debug;
		};
		25D793101CB29AC400692974 /* Release */ = {
			isa = XCBuildConfiguration;
			buildSettings = {
				BUNDLE_LOADER = "$(TEST_HOST)";
				INFOPLIST_FILE = MagicCameraTests/Info.plist;
				LD_RUNPATH_SEARCH_PATHS = "$(inherited) @executable_path/Frameworks @loader_path/Frameworks";
				PRODUCT_BUNDLE_IDENTIFIER = pw.lxf.MagicCameraTests;
				PRODUCT_NAME = "$(TARGET_NAME)";
				TEST_HOST = "$(BUILT_PRODUCTS_DIR)/MagicCamera.app/MagicCamera";
			};
			name = Release;
		};
		25D793121CB29AC400692974 /* Debug */ = {
			isa = XCBuildConfiguration;
			buildSettings = {
				INFOPLIST_FILE = MagicCameraUITests/Info.plist;
				LD_RUNPATH_SEARCH_PATHS = "$(inherited) @executable_path/Frameworks @loader_path/Frameworks";
				PRODUCT_BUNDLE_IDENTIFIER = pw.lxf.MagicCameraUITests;
				PRODUCT_NAME = "$(TARGET_NAME)";
				TEST_TARGET_NAME = MagicCamera;
			};
			name = Debug;
		};
		25D793131CB29AC400692974 /* Release */ = {
			isa = XCBuildConfiguration;
			buildSettings = {
				INFOPLIST_FILE = MagicCameraUITests/Info.plist;
				LD_RUNPATH_SEARCH_PATHS = "$(inherited) @executable_path/Frameworks @loader_path/Frameworks";
				PRODUCT_BUNDLE_IDENTIFIER = pw.lxf.MagicCameraUITests;
				PRODUCT_NAME = "$(TARGET_NAME)";
				TEST_TARGET_NAME = MagicCamera;
			};
			name = Release;
		};
/* End XCBuildConfiguration section */

/* Begin XCConfigurationList section */
		25D792D61CB29AC300692974 /* Build configuration list for PBXProject "MagicCamera" */ = {
			isa = XCConfigurationList;
			buildConfigurations = (
				25D793091CB29AC400692974 /* Debug */,
				25D7930A1CB29AC400692974 /* Release */,
			);
			defaultConfigurationIsVisible = 0;
			defaultConfigurationName = Release;
		};
		25D7930B1CB29AC400692974 /* Build configuration list for PBXNativeTarget "MagicCamera" */ = {
			isa = XCConfigurationList;
			buildConfigurations = (
				25D7930C1CB29AC400692974 /* Debug */,
				25D7930D1CB29AC400692974 /* Release */,
			);
			defaultConfigurationIsVisible = 0;
			defaultConfigurationName = Release;
		};
		25D7930E1CB29AC400692974 /* Build configuration list for PBXNativeTarget "MagicCameraTests" */ = {
			isa = XCConfigurationList;
			buildConfigurations = (
				25D7930F1CB29AC400692974 /* Debug */,
				25D793101CB29AC400692974 /* Release */,
			);
			defaultConfigurationIsVisible = 0;
			defaultConfigurationName = Release;
		};
		25D793111CB29AC400692974 /* Build configuration list for PBXNativeTarget "MagicCameraUITests" */ = {
			isa = XCConfigurationList;
			buildConfigurations = (
				25D793121CB29AC400692974 /* Debug */,
				25D793131CB29AC400692974 /* Release */,
			);
			defaultConfigurationIsVisible = 0;
			defaultConfigurationName = Release;
		};
/* End XCConfigurationList section */

/* Begin XCVersionGroup section */
		25D7931E1CB2B59000692974 /* MagicCamera.xcdatamodeld */ = {
			isa = XCVersionGroup;
			children = (
				25D7931F1CB2B59000692974 /* MagicCamera.xcdatamodel */,
			);
			currentVersion = 25D7931F1CB2B59000692974 /* MagicCamera.xcdatamodel */;
			path = MagicCamera.xcdatamodeld;
			sourceTree = "<group>";
			versionGroupType = wrapper.xcdatamodel;
		};
/* End XCVersionGroup section */
	};
	rootObject = 25D792D31CB29AC300692974 /* Project object */;
}
